
Microsoft Visual Studio Solution File, Format Version 12.00
# Visual Studio Version 16
VisualStudioVersion = 16.0.30114.105
MinimumVisualStudioVersion = 10.0.40219.1
Project("{FAE04EC0-301F-11D3-BF4B-00C04F79EFBC}") = "testDot", "testDot\testDot.csproj", "{C1E2FA65-7857-4693-B0B3-C0A6DD76DF89}"
EndProject
Project("{FAE04EC0-301F-11D3-BF4B-00C04F79EFBC}") = "test2", "test2\test2.csproj", "{A31C2832-E3BC-4387-8881-9A283DB2BC72}"
EndProject
Global
	GlobalSection(SolutionConfigurationPlatforms) = preSolution
		Debug|Any CPU = Debug|Any CPU
		Release|Any CPU = Release|Any CPU
	EndGlobalSection
	GlobalSection(SolutionProperties) = preSolution
		HideSolutionNode = FALSE
	EndGlobalSection
	GlobalSection(ProjectConfigurationPlatforms) = postSolution
		{C1E2FA65-7857-4693-B0B3-C0A6DD76DF89}.Debug|Any CPU.ActiveCfg = Debug|Any CPU
		{C1E2FA65-7857-4693-B0B3-C0A6DD76DF89}.Debug|Any CPU.Build.0 = Debug|Any CPU
		{C1E2FA65-7857-4693-B0B3-C0A6DD76DF89}.Release|Any CPU.ActiveCfg = Release|Any CPU
		{C1E2FA65-7857-4693-B0B3-C0A6DD76DF89}.Release|Any CPU.Build.0 = Release|Any CPU
		{A31C2832-E3BC-4387-8881-9A283DB2BC72}.Debug|Any CPU.ActiveCfg = Debug|Any CPU
		{A31C2832-E3BC-4387-8881-9A283DB2BC72}.Debug|Any CPU.Build.0 = Debug|Any CPU
		{A31C2832-E3BC-4387-8881-9A283DB2BC72}.Release|Any CPU.ActiveCfg = Release|Any CPU
		{A31C2832-E3BC-4387-8881-9A283DB2BC72}.Release|Any CPU.Build.0 = Release|Any CPU
	EndGlobalSection
EndGlobal
